
Microsoft Visual Studio Solution File, Format Version 12.00
# Visual Studio 15
VisualStudioVersion = 15.0.28307.136
MinimumVisualStudioVersion = 10.0.40219.1
Project("{FAE04EC0-301F-11D3-BF4B-00C04F79EFBC}") = "EncurtadorDeUrl", "EncurtadorDeUrl\EncurtadorDeUrl.csproj", "{B381BAED-7876-4257-AEB5-DEDADB89C06A}"
EndProject
Global
	GlobalSection(SolutionConfigurationPlatforms) = preSolution
		Debug|Any CPU = Debug|Any CPU
		Release|Any CPU = Release|Any CPU
	EndGlobalSection
	GlobalSection(ProjectConfigurationPlatforms) = postSolution
		{B381BAED-7876-4257-AEB5-DEDADB89C06A}.Debug|Any CPU.ActiveCfg = Debug|Any CPU
		{B381BAED-7876-4257-AEB5-DEDADB89C06A}.Debug|Any CPU.Build.0 = Debug|Any CPU
		{B381BAED-7876-4257-AEB5-DEDADB89C06A}.Release|Any CPU.ActiveCfg = Release|Any CPU
		{B381BAED-7876-4257-AEB5-DEDADB89C06A}.Release|Any CPU.Build.0 = Release|Any CPU
	EndGlobalSection
	GlobalSection(SolutionProperties) = preSolution
		HideSolutionNode = FALSE
	EndGlobalSection
	GlobalSection(ExtensibilityGlobals) = postSolution
		SolutionGuid = {28FABB3D-497F-4688-A3E4-40FE4E73B08B}
	EndGlobalSection
EndGlobal
